
Microsoft Visual Studio Solution File, Format Version 12.00
# Visual Studio 15
VisualStudioVersion = 15.0.28307.1082
MinimumVisualStudioVersion = 10.0.40219.1
Project("{FAE04EC0-301F-11D3-BF4B-00C04F79EFBC}") = "LouvreBimProjectViewer", "LouvreBimProjectViewer\LouvreBimProjectViewer.csproj", "{96847394-A791-45D4-8EBC-3C7ABA1A261B}"
EndProject
Global
	GlobalSection(SolutionConfigurationPlatforms) = preSolution
		Debug|Any CPU = Debug|Any CPU
		Release|Any CPU = Release|Any CPU
	EndGlobalSection
	GlobalSection(ProjectConfigurationPlatforms) = postSolution
		{96847394-A791-45D4-8EBC-3C7ABA1A261B}.Debug|Any CPU.ActiveCfg = Debug|Any CPU
		{96847394-A791-45D4-8EBC-3C7ABA1A261B}.Debug|Any CPU.Build.0 = Debug|Any CPU
		{96847394-A791-45D4-8EBC-3C7ABA1A261B}.Release|Any CPU.ActiveCfg = Release|Any CPU
		{96847394-A791-45D4-8EBC-3C7ABA1A261B}.Release|Any CPU.Build.0 = Release|Any CPU
	EndGlobalSection
	GlobalSection(SolutionProperties) = preSolution
		HideSolutionNode = FALSE
	EndGlobalSection
	GlobalSection(ExtensibilityGlobals) = postSolution
		SolutionGuid = {AF2AC4E1-B362-4BF7-985D-FD78F2431075}
	EndGlobalSection
EndGlobal
